// !$*UTF8*$!
{
	archiveVersion = 1;
	classes = {
	};
	objectVersion = 46;
	objects = {

/* Begin PBXBuildFile section */
		ED03B83716D037D800ADA844 /* ZDetailViewBaseController.h in Resources */ = {isa = PBXBuildFile; fileRef = ED03B83516D037D800ADA844 /* ZDetailViewBaseController.h */; };
		ED03B83816D037D800ADA844 /* ZDetailViewBaseController.m in Resources */ = {isa = PBXBuildFile; fileRef = ED03B83616D037D800ADA844 /* ZDetailViewBaseController.m */; };
		ED12E75D158249BB00DE3ED3 /* InfoPlist.strings in Resources */ = {isa = PBXBuildFile; fileRef = ED12E752158249BB00DE3ED3 /* InfoPlist.strings */; };
		ED12E75E158249BB00DE3ED3 /* ZDVTViewController.xib in Resources */ = {isa = PBXBuildFile; fileRef = ED12E754158249BB00DE3ED3 /* ZDVTViewController.xib */; };
		ED12E75F158249BB00DE3ED3 /* main.m in Sources */ = {isa = PBXBuildFile; fileRef = ED12E756158249BB00DE3ED3 /* main.m */; };
		ED12E761158249BB00DE3ED3 /* ZDVTAppDelegate.m in Sources */ = {isa = PBXBuildFile; fileRef = ED12E75A158249BB00DE3ED3 /* ZDVTAppDelegate.m */; };
		ED12E762158249BB00DE3ED3 /* ZDVTViewController.m in Sources */ = {isa = PBXBuildFile; fileRef = ED12E75C158249BB00DE3ED3 /* ZDVTViewController.m */; };
		ED12E76615824A3B00DE3ED3 /* CoreFoundation.framework in Frameworks */ = {isa = PBXBuildFile; fileRef = ED12E76315824A3B00DE3ED3 /* CoreFoundation.framework */; };
		ED12E76715824A3B00DE3ED3 /* CoreGraphics.framework in Frameworks */ = {isa = PBXBuildFile; fileRef = ED12E76415824A3B00DE3ED3 /* CoreGraphics.framework */; };
		ED12E76815824A3B00DE3ED3 /* UIKit.framework in Frameworks */ = {isa = PBXBuildFile; fileRef = ED12E76515824A3B00DE3ED3 /* UIKit.framework */; };
		ED12E78415824B8200DE3ED3 /* ZButtonCell.m in Sources */ = {isa = PBXBuildFile; fileRef = ED12E76B15824B8200DE3ED3 /* ZButtonCell.m */; };
		ED12E78515824B8200DE3ED3 /* ZChoiceListCell.m in Sources */ = {isa = PBXBuildFile; fileRef = ED12E76D15824B8200DE3ED3 /* ZChoiceListCell.m */; };
		ED12E78615824B8200DE3ED3 /* ZChoiceListController.m in Sources */ = {isa = PBXBuildFile; fileRef = ED12E76F15824B8200DE3ED3 /* ZChoiceListController.m */; };
		ED12E78715824B8200DE3ED3 /* ZChoicesBaseCell.m in Sources */ = {isa = PBXBuildFile; fileRef = ED12E77115824B8200DE3ED3 /* ZChoicesBaseCell.m */; };
		ED12E78815824B8200DE3ED3 /* ZChoicesManager.m in Sources */ = {isa = PBXBuildFile; fileRef = ED12E77315824B8200DE3ED3 /* ZChoicesManager.m */; };
		ED12E78915824B8200DE3ED3 /* ZDetailTableViewController.m in Sources */ = {isa = PBXBuildFile; fileRef = ED12E77615824B8200DE3ED3 /* ZDetailTableViewController.m */; };
		ED12E78A15824B8200DE3ED3 /* ZDetailValueConnector.m in Sources */ = {isa = PBXBuildFile; fileRef = ED12E77815824B8200DE3ED3 /* ZDetailValueConnector.m */; };
		ED12E78B15824B8200DE3ED3 /* ZDetailViewBaseCell.m in Sources */ = {isa = PBXBuildFile; fileRef = ED12E77A15824B8200DE3ED3 /* ZDetailViewBaseCell.m */; };
		ED12E78C15824B8200DE3ED3 /* ZSegmentChoicesCell.m in Sources */ = {isa = PBXBuildFile; fileRef = ED12E77C15824B8200DE3ED3 /* ZSegmentChoicesCell.m */; };
		ED12E78D15824B8200DE3ED3 /* ZSwitchCell.m in Sources */ = {isa = PBXBuildFile; fileRef = ED12E77E15824B8200DE3ED3 /* ZSwitchCell.m */; };
		ED12E78E15824B8200DE3ED3 /* ZTextEditBaseCell.m in Sources */ = {isa = PBXBuildFile; fileRef = ED12E78015824B8200DE3ED3 /* ZTextEditBaseCell.m */; };
		ED12E78F15824B8200DE3ED3 /* ZTextFieldCell.m in Sources */ = {isa = PBXBuildFile; fileRef = ED12E78115824B8200DE3ED3 /* ZTextFieldCell.m */; };
		ED12E79015824B8200DE3ED3 /* ZTextViewCell.m in Sources */ = {isa = PBXBuildFile; fileRef = ED12E78315824B8200DE3ED3 /* ZTextViewCell.m */; };
		ED12E79415824D5400DE3ED3 /* ZTextExpanderSupport.m in Sources */ = {isa = PBXBuildFile; fileRef = ED12E79315824D5400DE3ED3 /* ZTextExpanderSupport.m */; };
		ED12E7A015829C0700DE3ED3 /* Foundation.framework in Frameworks */ = {isa = PBXBuildFile; fileRef = ED12E79F15829C0700DE3ED3 /* Foundation.framework */; };
		ED1F705615BD50C10046CFBC /* ZColorChooser.m in Sources */ = {isa = PBXBuildFile; fileRef = ED1F705515BD50C10046CFBC /* ZColorChooser.m */; };
		ED1F705E15BD51D30046CFBC /* ZCCH_clrBtn.png in Resources */ = {isa = PBXBuildFile; fileRef = ED1F705915BD51D30046CFBC /* ZCCH_clrBtn.png */; };
		ED1F705F15BD51D30046CFBC /* ZCCH_clrBtn@2x.png in Resources */ = {isa = PBXBuildFile; fileRef = ED1F705A15BD51D30046CFBC /* ZCCH_clrBtn@2x.png */; };
		ED1F706015BD51D30046CFBC /* ZCCH_hue.png in Resources */ = {isa = PBXBuildFile; fileRef = ED1F705B15BD51D30046CFBC /* ZCCH_hue.png */; };
		ED1F706115BD51D30046CFBC /* ZCCH_noColor.png in Resources */ = {isa = PBXBuildFile; fileRef = ED1F705C15BD51D30046CFBC /* ZCCH_noColor.png */; };
		ED1F706215BD51D30046CFBC /* ZCCH_noColor@2x.png in Resources */ = {isa = PBXBuildFile; fileRef = ED1F705D15BD51D30046CFBC /* ZCCH_noColor@2x.png */; };
		ED1F706515BD52500046CFBC /* ZColorChooserCell.m in Sources */ = {isa = PBXBuildFile; fileRef = ED1F706415BD52500046CFBC /* ZColorChooserCell.m */; };
		ED1F707F15BD951B0046CFBC /* UIColor+ZColorRepresentation.m in Sources */ = {isa = PBXBuildFile; fileRef = ED1F707515BD951B0046CFBC /* UIColor+ZColorRepresentation.m */; };
		ED1F708015BD951B0046CFBC /* ZDate_utils.m in Sources */ = {isa = PBXBuildFile; fileRef = ED1F707715BD951B0046CFBC /* ZDate_utils.m */; };
		ED1F708115BD951B0046CFBC /* ZOrientation.m in Sources */ = {isa = PBXBuildFile; fileRef = ED1F707A15BD951B0046CFBC /* ZOrientation.m */; };
		ED1F708215BD951B0046CFBC /* ZString_utils.m in Sources */ = {isa = PBXBuildFile; fileRef = ED1F707C15BD951B0046CFBC /* ZString_utils.m */; };
		ED1F708315BD951B0046CFBC /* ZStringToUIColorTransformer.m in Sources */ = {isa = PBXBuildFile; fileRef = ED1F707E15BD951B0046CFBC /* ZStringToUIColorTransformer.m */; };
		ED1F708615BD9EA20046CFBC /* ZIntToUIColorTransformer.m in Sources */ = {isa = PBXBuildFile; fileRef = ED1F708515BD9EA20046CFBC /* ZIntToUIColorTransformer.m */; };
		ED1F708915BDA37F0046CFBC /* ZGeometry_utils.m in Sources */ = {isa = PBXBuildFile; fileRef = ED1F708815BDA37F0046CFBC /* ZGeometry_utils.m */; };
		ED1F708C15BDA4100046CFBC /* ZColor_utils.m in Sources */ = {isa = PBXBuildFile; fileRef = ED1F708B15BDA4100046CFBC /* ZColor_utils.m */; };
		ED49A99B1585F623007FEBF0 /* ZDateTimeCell.m in Sources */ = {isa = PBXBuildFile; fileRef = ED49A99A1585F623007FEBF0 /* ZDateTimeCell.m */; };
		ED5D933815BEDC35008A98FF /* ZSliderCell.m in Sources */ = {isa = PBXBuildFile; fileRef = ED5D933715BEDC35008A98FF /* ZSliderCell.m */; };
		ED81B7EB16D0F46F00ED1F3F /* ZMapLocationEdit.m in Sources */ = {isa = PBXBuildFile; fileRef = ED81B7E816D0F46F00ED1F3F /* ZMapLocationEdit.m */; };
		ED81B7EC16D0F46F00ED1F3F /* ZMapLocationEdit.xib in Resources */ = {isa = PBXBuildFile; fileRef = ED81B7E916D0F46F00ED1F3F /* ZMapLocationEdit.xib */; };
		ED81B7F616D0F48500ED1F3F /* ZMEcompassBtnOff.png in Resources */ = {isa = PBXBuildFile; fileRef = ED81B7EE16D0F48500ED1F3F /* ZMEcompassBtnOff.png */; };
		ED81B7F716D0F48500ED1F3F /* ZMEcompassBtnOff@2x.png in Resources */ = {isa = PBXBuildFile; fileRef = ED81B7EF16D0F48500ED1F3F /* ZMEcompassBtnOff@2x.png */; };
		ED81B7F816D0F48500ED1F3F /* ZMEcompassBtnOn.png in Resources */ = {isa = PBXBuildFile; fileRef = ED81B7F016D0F48500ED1F3F /* ZMEcompassBtnOn.png */; };
		ED81B7F916D0F48500ED1F3F /* ZMEcompassBtnOn@2x.png in Resources */ = {isa = PBXBuildFile; fileRef = ED81B7F116D0F48500ED1F3F /* ZMEcompassBtnOn@2x.png */; };
		ED81B7FA16D0F48500ED1F3F /* ZMEpinBtnOff.png in Resources */ = {isa = PBXBuildFile; fileRef = ED81B7F216D0F48500ED1F3F /* ZMEpinBtnOff.png */; };
		ED81B7FB16D0F48500ED1F3F /* ZMEpinBtnOff@2x.png in Resources */ = {isa = PBXBuildFile; fileRef = ED81B7F316D0F48500ED1F3F /* ZMEpinBtnOff@2x.png */; };
		ED81B7FC16D0F48500ED1F3F /* ZMEpinBtnOn.png in Resources */ = {isa = PBXBuildFile; fileRef = ED81B7F416D0F48500ED1F3F /* ZMEpinBtnOn.png */; };
		ED81B7FD16D0F48500ED1F3F /* ZMEpinBtnOn@2x.png in Resources */ = {isa = PBXBuildFile; fileRef = ED81B7F516D0F48500ED1F3F /* ZMEpinBtnOn@2x.png */; };
		ED81B80016D0F69800ED1F3F /* ZLocationCell.m in Sources */ = {isa = PBXBuildFile; fileRef = ED81B7FF16D0F69700ED1F3F /* ZLocationCell.m */; };
		ED81B80316D10D6800ED1F3F /* CoreLocation.framework in Frameworks */ = {isa = PBXBuildFile; fileRef = ED81B80216D10D6800ED1F3F /* CoreLocation.framework */; };
		ED81B80516D10D7300ED1F3F /* MapKit.framework in Frameworks */ = {isa = PBXBuildFile; fileRef = ED81B80416D10D7300ED1F3F /* MapKit.framework */; };
		ED81B80716D1403400ED1F3F /* ZStringToCoordinate2DTransformer.h in Resources */ = {isa = PBXBuildFile; fileRef = ED81B80616D1403400ED1F3F /* ZStringToCoordinate2DTransformer.h */; };
		ED81B80916D1404F00ED1F3F /* ZStringToCoordinate2DTransformer.m in Sources */ = {isa = PBXBuildFile; fileRef = ED81B80816D1404F00ED1F3F /* ZStringToCoordinate2DTransformer.m */; };
		ED81B85416D182EF00ED1F3F /* ZBC_delbtn.png in Resources */ = {isa = PBXBuildFile; fileRef = ED81B85216D182EE00ED1F3F /* ZBC_delbtn.png */; };
		EDA57D7216D040020044EB9C /* ZDetailViewBaseController.m in Sources */ = {isa = PBXBuildFile; fileRef = ED03B83616D037D800ADA844 /* ZDetailViewBaseController.m */; };
/* End PBXBuildFile section */

/* Begin PBXFileReference section */
		ED03B83516D037D800ADA844 /* ZDetailViewBaseController.h */ = {isa = PBXFileReference; fileEncoding = 4; lastKnownFileType = sourcecode.c.h; path = ZDetailViewBaseController.h; sourceTree = "<group>"; };
		ED03B83616D037D800ADA844 /* ZDetailViewBaseController.m */ = {isa = PBXFileReference; fileEncoding = 4; lastKnownFileType = sourcecode.c.objc; path = ZDetailViewBaseController.m; sourceTree = "<group>"; };
		ED12E7381582494C00DE3ED3 /* ZDetailKitDemo.app */ = {isa = PBXFileReference; explicitFileType = wrapper.application; includeInIndex = 0; path = ZDetailKitDemo.app; sourceTree = BUILT_PRODUCTS_DIR; };
		ED12E753158249BB00DE3ED3 /* en */ = {isa = PBXFileReference; lastKnownFileType = text.plist.strings; name = en; path = InfoPlist.strings; sourceTree = "<group>"; };
		ED12E755158249BB00DE3ED3 /* en */ = {isa = PBXFileReference; lastKnownFileType = file.xib; name = en; path = ZDVTViewController.xib; sourceTree = "<group>"; };
		ED12E756158249BB00DE3ED3 /* main.m */ = {isa = PBXFileReference; fileEncoding = 4; lastKnownFileType = sourcecode.c.objc; path = main.m; sourceTree = "<group>"; };
		ED12E757158249BB00DE3ED3 /* ZDetailKitDemo-Info.plist */ = {isa = PBXFileReference; fileEncoding = 4; lastKnownFileType = text.plist.xml; path = "ZDetailKitDemo-Info.plist"; sourceTree = "<group>"; };
		ED12E758158249BB00DE3ED3 /* ZDetailKitDemo-Prefix.pch */ = {isa = PBXFileReference; fileEncoding = 4; lastKnownFileType = sourcecode.c.h; path = "ZDetailKitDemo-Prefix.pch"; sourceTree = "<group>"; };
		ED12E759158249BB00DE3ED3 /* ZDVTAppDelegate.h */ = {isa = PBXFileReference; fileEncoding = 4; lastKnownFileType = sourcecode.c.h; path = ZDVTAppDelegate.h; sourceTree = "<group>"; };
		ED12E75A158249BB00DE3ED3 /* ZDVTAppDelegate.m */ = {isa = PBXFileReference; fileEncoding = 4; lastKnownFileType = sourcecode.c.objc; path = ZDVTAppDelegate.m; sourceTree = "<group>"; };
		ED12E75B158249BB00DE3ED3 /* ZDVTViewController.h */ = {isa = PBXFileReference; fileEncoding = 4; lastKnownFileType = sourcecode.c.h; path = ZDVTViewController.h; sourceTree = "<group>"; };
		ED12E75C158249BB00DE3ED3 /* ZDVTViewController.m */ = {isa = PBXFileReference; fileEncoding = 4; lastKnownFileType = sourcecode.c.objc; path = ZDVTViewController.m; sourceTree = "<group>"; };
		ED12E76315824A3B00DE3ED3 /* CoreFoundation.framework */ = {isa = PBXFileReference; lastKnownFileType = wrapper.framework; name = CoreFoundation.framework; path = /Applications/Xcode.app/Contents/Developer/Platforms/iPhoneOS.platform/Developer/SDKs/iPhoneOS5.1.sdk/System/Library/Frameworks/CoreFoundation.framework; sourceTree = "<absolute>"; };
		ED12E76415824A3B00DE3ED3 /* CoreGraphics.framework */ = {isa = PBXFileReference; lastKnownFileType = wrapper.framework; name = CoreGraphics.framework; path = /Applications/Xcode.app/Contents/Developer/Platforms/iPhoneOS.platform/Developer/SDKs/iPhoneOS5.1.sdk/System/Library/Frameworks/CoreGraphics.framework; sourceTree = "<absolute>"; };
		ED12E76515824A3B00DE3ED3 /* UIKit.framework */ = {isa = PBXFileReference; lastKnownFileType = wrapper.framework; name = UIKit.framework; path = /Applications/Xcode.app/Contents/Developer/Platforms/iPhoneOS.platform/Developer/SDKs/iPhoneOS5.1.sdk/System/Library/Frameworks/UIKit.framework; sourceTree = "<absolute>"; };
		ED12E76A15824B8200DE3ED3 /* ZButtonCell.h */ = {isa = PBXFileReference; fileEncoding = 4; lastKnownFileType = sourcecode.c.h; path = ZButtonCell.h; sourceTree = "<group>"; };
		ED12E76B15824B8200DE3ED3 /* ZButtonCell.m */ = {isa = PBXFileReference; fileEncoding = 4; lastKnownFileType = sourcecode.c.objc; path = ZButtonCell.m; sourceTree = "<group>"; };
		ED12E76C15824B8200DE3ED3 /* ZChoiceListCell.h */ = {isa = PBXFileReference; fileEncoding = 4; lastKnownFileType = sourcecode.c.h; path = ZChoiceListCell.h; sourceTree = "<group>"; };
		ED12E76D15824B8200DE3ED3 /* ZChoiceListCell.m */ = {isa = PBXFileReference; fileEncoding = 4; lastKnownFileType = sourcecode.c.objc; path = ZChoiceListCell.m; sourceTree = "<group>"; };
		ED12E76E15824B8200DE3ED3 /* ZChoiceListController.h */ = {isa = PBXFileReference; fileEncoding = 4; lastKnownFileType = sourcecode.c.h; path = ZChoiceListController.h; sourceTree = "<group>"; };
		ED12E76F15824B8200DE3ED3 /* ZChoiceListController.m */ = {isa = PBXFileReference; fileEncoding = 4; lastKnownFileType = sourcecode.c.objc; path = ZChoiceListController.m; sourceTree = "<group>"; };
		ED12E77015824B8200DE3ED3 /* ZChoicesBaseCell.h */ = {isa = PBXFileReference; fileEncoding = 4; lastKnownFileType = sourcecode.c.h; path = ZChoicesBaseCell.h; sourceTree = "<group>"; };
		ED12E77115824B8200DE3ED3 /* ZChoicesBaseCell.m */ = {isa = PBXFileReference; fileEncoding = 4; lastKnownFileType = sourcecode.c.objc; path = ZChoicesBaseCell.m; sourceTree = "<group>"; };
		ED12E77215824B8200DE3ED3 /* ZChoicesManager.h */ = {isa = PBXFileReference; fileEncoding = 4; lastKnownFileType = sourcecode.c.h; path = ZChoicesManager.h; sourceTree = "<group>"; };
		ED12E77315824B8200DE3ED3 /* ZChoicesManager.m */ = {isa = PBXFileReference; fileEncoding = 4; lastKnownFileType = sourcecode.c.objc; path = ZChoicesManager.m; sourceTree = "<group>"; };
		ED12E77415824B8200DE3ED3 /* ZDetailEditing.h */ = {isa = PBXFileReference; fileEncoding = 4; lastKnownFileType = sourcecode.c.h; path = ZDetailEditing.h; sourceTree = "<group>"; };
		ED12E77515824B8200DE3ED3 /* ZDetailTableViewController.h */ = {isa = PBXFileReference; fileEncoding = 4; lastKnownFileType = sourcecode.c.h; path = ZDetailTableViewController.h; sourceTree = "<group>"; };
		ED12E77615824B8200DE3ED3 /* ZDetailTableViewController.m */ = {isa = PBXFileReference; fileEncoding = 4; lastKnownFileType = sourcecode.c.objc; path = ZDetailTableViewController.m; sourceTree = "<group>"; };
		ED12E77715824B8200DE3ED3 /* ZDetailValueConnector.h */ = {isa = PBXFileReference; fileEncoding = 4; lastKnownFileType = sourcecode.c.h; path = ZDetailValueConnector.h; sourceTree = "<group>"; };
		ED12E77815824B8200DE3ED3 /* ZDetailValueConnector.m */ = {isa = PBXFileReference; fileEncoding = 4; lastKnownFileType = sourcecode.c.objc; path = ZDetailValueConnector.m; sourceTree = "<group>"; };
		ED12E77915824B8200DE3ED3 /* ZDetailViewBaseCell.h */ = {isa = PBXFileReference; fileEncoding = 4; lastKnownFileType = sourcecode.c.h; path = ZDetailViewBaseCell.h; sourceTree = "<group>"; };
		ED12E77A15824B8200DE3ED3 /* ZDetailViewBaseCell.m */ = {isa = PBXFileReference; fileEncoding = 4; lastKnownFileType = sourcecode.c.objc; path = ZDetailViewBaseCell.m; sourceTree = "<group>"; };
		ED12E77B15824B8200DE3ED3 /* ZSegmentChoicesCell.h */ = {isa = PBXFileReference; fileEncoding = 4; lastKnownFileType = sourcecode.c.h; path = ZSegmentChoicesCell.h; sourceTree = "<group>"; };
		ED12E77C15824B8200DE3ED3 /* ZSegmentChoicesCell.m */ = {isa = PBXFileReference; fileEncoding = 4; lastKnownFileType = sourcecode.c.objc; path = ZSegmentChoicesCell.m; sourceTree = "<group>"; };
		ED12E77D15824B8200DE3ED3 /* ZSwitchCell.h */ = {isa = PBXFileReference; fileEncoding = 4; lastKnownFileType = sourcecode.c.h; path = ZSwitchCell.h; sourceTree = "<group>"; };
		ED12E77E15824B8200DE3ED3 /* ZSwitchCell.m */ = {isa = PBXFileReference; fileEncoding = 4; lastKnownFileType = sourcecode.c.objc; path = ZSwitchCell.m; sourceTree = "<group>"; };
		ED12E77F15824B8200DE3ED3 /* ZTextEditBaseCell.h */ = {isa = PBXFileReference; fileEncoding = 4; lastKnownFileType = sourcecode.c.h; path = ZTextEditBaseCell.h; sourceTree = "<group>"; };
		ED12E78015824B8200DE3ED3 /* ZTextEditBaseCell.m */ = {isa = PBXFileReference; fileEncoding = 4; lastKnownFileType = sourcecode.c.objc; path = ZTextEditBaseCell.m; sourceTree = "<group>"; };
		ED12E78115824B8200DE3ED3 /* ZTextFieldCell.m */ = {isa = PBXFileReference; fileEncoding = 4; lastKnownFileType = sourcecode.c.objc; path = ZTextFieldCell.m; sourceTree = "<group>"; };
		ED12E78215824B8200DE3ED3 /* ZTextViewCell.h */ = {isa = PBXFileReference; fileEncoding = 4; lastKnownFileType = sourcecode.c.h; path = ZTextViewCell.h; sourceTree = "<group>"; };
		ED12E78315824B8200DE3ED3 /* ZTextViewCell.m */ = {isa = PBXFileReference; fileEncoding = 4; lastKnownFileType = sourcecode.c.objc; path = ZTextViewCell.m; sourceTree = "<group>"; };
		ED12E79215824D5400DE3ED3 /* ZTextExpanderSupport.h */ = {isa = PBXFileReference; fileEncoding = 4; lastKnownFileType = sourcecode.c.h; path = ZTextExpanderSupport.h; sourceTree = "<group>"; };
		ED12E79315824D5400DE3ED3 /* ZTextExpanderSupport.m */ = {isa = PBXFileReference; fileEncoding = 4; lastKnownFileType = sourcecode.c.objc; path = ZTextExpanderSupport.m; sourceTree = "<group>"; };
		ED12E79B15824DC700DE3ED3 /* ZTextFieldCell.h */ = {isa = PBXFileReference; fileEncoding = 4; lastKnownFileType = sourcecode.c.h; path = ZTextFieldCell.h; sourceTree = "<group>"; };
		ED12E79F15829C0700DE3ED3 /* Foundation.framework */ = {isa = PBXFileReference; lastKnownFileType = wrapper.framework; name = Foundation.framework; path = /Applications/Xcode.app/Contents/Developer/Platforms/iPhoneOS.platform/Developer/SDKs/iPhoneOS5.1.sdk/System/Library/Frameworks/Foundation.framework; sourceTree = "<absolute>"; };
		ED1F705415BD50C10046CFBC /* ZColorChooser.h */ = {isa = PBXFileReference; fileEncoding = 4; lastKnownFileType = sourcecode.c.h; path = ZColorChooser.h; sourceTree = "<group>"; };
		ED1F705515BD50C10046CFBC /* ZColorChooser.m */ = {isa = PBXFileReference; fileEncoding = 4; lastKnownFileType = sourcecode.c.objc; path = ZColorChooser.m; sourceTree = "<group>"; };
		ED1F705915BD51D30046CFBC /* ZCCH_clrBtn.png */ = {isa = PBXFileReference; lastKnownFileType = image.png; path = ZCCH_clrBtn.png; sourceTree = "<group>"; };
		ED1F705A15BD51D30046CFBC /* ZCCH_clrBtn@2x.png */ = {isa = PBXFileReference; lastKnownFileType = image.png; path = "ZCCH_clrBtn@2x.png"; sourceTree = "<group>"; };
		ED1F705B15BD51D30046CFBC /* ZCCH_hue.png */ = {isa = PBXFileReference; lastKnownFileType = image.png; path = ZCCH_hue.png; sourceTree = "<group>"; };
		ED1F705C15BD51D30046CFBC /* ZCCH_noColor.png */ = {isa = PBXFileReference; lastKnownFileType = image.png; path = ZCCH_noColor.png; sourceTree = "<group>"; };
		ED1F705D15BD51D30046CFBC /* ZCCH_noColor@2x.png */ = {isa = PBXFileReference; lastKnownFileType = image.png; path = "ZCCH_noColor@2x.png"; sourceTree = "<group>"; };
		ED1F706315BD52500046CFBC /* ZColorChooserCell.h */ = {isa = PBXFileReference; fileEncoding = 4; lastKnownFileType = sourcecode.c.h; path = ZColorChooserCell.h; sourceTree = "<group>"; };
		ED1F706415BD52500046CFBC /* ZColorChooserCell.m */ = {isa = PBXFileReference; fileEncoding = 4; lastKnownFileType = sourcecode.c.objc; path = ZColorChooserCell.m; sourceTree = "<group>"; };
		ED1F707415BD951B0046CFBC /* UIColor+ZColorRepresentation.h */ = {isa = PBXFileReference; fileEncoding = 4; lastKnownFileType = sourcecode.c.h; path = "UIColor+ZColorRepresentation.h"; sourceTree = "<group>"; };
		ED1F707515BD951B0046CFBC /* UIColor+ZColorRepresentation.m */ = {isa = PBXFileReference; fileEncoding = 4; lastKnownFileType = sourcecode.c.objc; path = "UIColor+ZColorRepresentation.m"; sourceTree = "<group>"; };
		ED1F707615BD951B0046CFBC /* ZDate_utils.h */ = {isa = PBXFileReference; fileEncoding = 4; lastKnownFileType = sourcecode.c.h; path = ZDate_utils.h; sourceTree = "<group>"; };
		ED1F707715BD951B0046CFBC /* ZDate_utils.m */ = {isa = PBXFileReference; fileEncoding = 4; lastKnownFileType = sourcecode.c.objc; path = ZDate_utils.m; sourceTree = "<group>"; };
		ED1F707815BD951B0046CFBC /* ZDBGMacros.h */ = {isa = PBXFileReference; fileEncoding = 4; lastKnownFileType = sourcecode.c.h; path = ZDBGMacros.h; sourceTree = "<group>"; };
		ED1F707915BD951B0046CFBC /* ZOrientation.h */ = {isa = PBXFileReference; fileEncoding = 4; lastKnownFileType = sourcecode.c.h; path = ZOrientation.h; sourceTree = "<group>"; };
		ED1F707A15BD951B0046CFBC /* ZOrientation.m */ = {isa = PBXFileReference; fileEncoding = 4; lastKnownFileType = sourcecode.c.objc; path = ZOrientation.m; sourceTree = "<group>"; };
		ED1F707B15BD951B0046CFBC /* ZString_utils.h */ = {isa = PBXFileReference; fileEncoding = 4; lastKnownFileType = sourcecode.c.h; path = ZString_utils.h; sourceTree = "<group>"; };
		ED1F707C15BD951B0046CFBC /* ZString_utils.m */ = {isa = PBXFileReference; fileEncoding = 4; lastKnownFileType = sourcecode.c.objc; path = ZString_utils.m; sourceTree = "<group>"; };
		ED1F707D15BD951B0046CFBC /* ZStringToUIColorTransformer.h */ = {isa = PBXFileReference; fileEncoding = 4; lastKnownFileType = sourcecode.c.h; path = ZStringToUIColorTransformer.h; sourceTree = "<group>"; };
		ED1F707E15BD951B0046CFBC /* ZStringToUIColorTransformer.m */ = {isa = PBXFileReference; fileEncoding = 4; lastKnownFileType = sourcecode.c.objc; path = ZStringToUIColorTransformer.m; sourceTree = "<group>"; };
		ED1F708415BD9EA20046CFBC /* ZIntToUIColorTransformer.h */ = {isa = PBXFileReference; fileEncoding = 4; lastKnownFileType = sourcecode.c.h; path = ZIntToUIColorTransformer.h; sourceTree = "<group>"; };
		ED1F708515BD9EA20046CFBC /* ZIntToUIColorTransformer.m */ = {isa = PBXFileReference; fileEncoding = 4; lastKnownFileType = sourcecode.c.objc; path = ZIntToUIColorTransformer.m; sourceTree = "<group>"; };
		ED1F708715BDA37F0046CFBC /* ZGeometry_utils.h */ = {isa = PBXFileReference; fileEncoding = 4; lastKnownFileType = sourcecode.c.h; path = ZGeometry_utils.h; sourceTree = "<group>"; };
		ED1F708815BDA37F0046CFBC /* ZGeometry_utils.m */ = {isa = PBXFileReference; fileEncoding = 4; lastKnownFileType = sourcecode.c.objc; path = ZGeometry_utils.m; sourceTree = "<group>"; };
		ED1F708A15BDA4100046CFBC /* ZColor_utils.h */ = {isa = PBXFileReference; fileEncoding = 4; lastKnownFileType = sourcecode.c.h; path = ZColor_utils.h; sourceTree = "<group>"; };
		ED1F708B15BDA4100046CFBC /* ZColor_utils.m */ = {isa = PBXFileReference; fileEncoding = 4; lastKnownFileType = sourcecode.c.objc; path = ZColor_utils.m; sourceTree = "<group>"; };
		ED43CA3E16CFDAE600C28E48 /* README.markdown */ = {isa = PBXFileReference; fileEncoding = 4; lastKnownFileType = text; path = README.markdown; sourceTree = "<group>"; };
		ED49A9991585F623007FEBF0 /* ZDateTimeCell.h */ = {isa = PBXFileReference; fileEncoding = 4; lastKnownFileType = sourcecode.c.h; path = ZDateTimeCell.h; sourceTree = "<group>"; };
		ED49A99A1585F623007FEBF0 /* ZDateTimeCell.m */ = {isa = PBXFileReference; fileEncoding = 4; lastKnownFileType = sourcecode.c.objc; path = ZDateTimeCell.m; sourceTree = "<group>"; };
		ED5D933615BEDC35008A98FF /* ZSliderCell.h */ = {isa = PBXFileReference; fileEncoding = 4; lastKnownFileType = sourcecode.c.h; path = ZSliderCell.h; sourceTree = "<group>"; };
		ED5D933715BEDC35008A98FF /* ZSliderCell.m */ = {isa = PBXFileReference; fileEncoding = 4; lastKnownFileType = sourcecode.c.objc; path = ZSliderCell.m; sourceTree = "<group>"; };
		ED81B7E716D0F46F00ED1F3F /* ZMapLocationEdit.h */ = {isa = PBXFileReference; fileEncoding = 4; lastKnownFileType = sourcecode.c.h; path = ZMapLocationEdit.h; sourceTree = "<group>"; };
		ED81B7E816D0F46F00ED1F3F /* ZMapLocationEdit.m */ = {isa = PBXFileReference; fileEncoding = 4; lastKnownFileType = sourcecode.c.objc; path = ZMapLocationEdit.m; sourceTree = "<group>"; };
		ED81B7E916D0F46F00ED1F3F /* ZMapLocationEdit.xib */ = {isa = PBXFileReference; fileEncoding = 4; lastKnownFileType = file.xib; path = ZMapLocationEdit.xib; sourceTree = "<group>"; };
		ED81B7EE16D0F48500ED1F3F /* ZMEcompassBtnOff.png */ = {isa = PBXFileReference; lastKnownFileType = image.png; path = ZMEcompassBtnOff.png; sourceTree = "<group>"; };
		ED81B7EF16D0F48500ED1F3F /* ZMEcompassBtnOff@2x.png */ = {isa = PBXFileReference; lastKnownFileType = image.png; path = "ZMEcompassBtnOff@2x.png"; sourceTree = "<group>"; };
		ED81B7F016D0F48500ED1F3F /* ZMEcompassBtnOn.png */ = {isa = PBXFileReference; lastKnownFileType = image.png; path = ZMEcompassBtnOn.png; sourceTree = "<group>"; };
		ED81B7F116D0F48500ED1F3F /* ZMEcompassBtnOn@2x.png */ = {isa = PBXFileReference; lastKnownFileType = image.png; path = "ZMEcompassBtnOn@2x.png"; sourceTree = "<group>"; };
		ED81B7F216D0F48500ED1F3F /* ZMEpinBtnOff.png */ = {isa = PBXFileReference; lastKnownFileType = image.png; path = ZMEpinBtnOff.png; sourceTree = "<group>"; };
		ED81B7F316D0F48500ED1F3F /* ZMEpinBtnOff@2x.png */ = {isa = PBXFileReference; lastKnownFileType = image.png; path = "ZMEpinBtnOff@2x.png"; sourceTree = "<group>"; };
		ED81B7F416D0F48500ED1F3F /* ZMEpinBtnOn.png */ = {isa = PBXFileReference; lastKnownFileType = image.png; path = ZMEpinBtnOn.png; sourceTree = "<group>"; };
		ED81B7F516D0F48500ED1F3F /* ZMEpinBtnOn@2x.png */ = {isa = PBXFileReference; lastKnownFileType = image.png; path = "ZMEpinBtnOn@2x.png"; sourceTree = "<group>"; };
		ED81B7FE16D0F69700ED1F3F /* ZLocationCell.h */ = {isa = PBXFileReference; fileEncoding = 4; lastKnownFileType = sourcecode.c.h; path = ZLocationCell.h; sourceTree = "<group>"; };
		ED81B7FF16D0F69700ED1F3F /* ZLocationCell.m */ = {isa = PBXFileReference; fileEncoding = 4; lastKnownFileType = sourcecode.c.objc; path = ZLocationCell.m; sourceTree = "<group>"; };
		ED81B80116D10C5C00ED1F3F /* ZDetailKit.h */ = {isa = PBXFileReference; fileEncoding = 4; lastKnownFileType = sourcecode.c.h; path = ZDetailKit.h; sourceTree = "<group>"; };
		ED81B80216D10D6800ED1F3F /* CoreLocation.framework */ = {isa = PBXFileReference; lastKnownFileType = wrapper.framework; name = CoreLocation.framework; path = Platforms/iPhoneOS.platform/Developer/SDKs/iPhoneOS6.1.sdk/System/Library/Frameworks/CoreLocation.framework; sourceTree = DEVELOPER_DIR; };
		ED81B80416D10D7300ED1F3F /* MapKit.framework */ = {isa = PBXFileReference; lastKnownFileType = wrapper.framework; name = MapKit.framework; path = Platforms/iPhoneOS.platform/Developer/SDKs/iPhoneOS6.1.sdk/System/Library/Frameworks/MapKit.framework; sourceTree = DEVELOPER_DIR; };
		ED81B80616D1403400ED1F3F /* ZStringToCoordinate2DTransformer.h */ = {isa = PBXFileReference; lastKnownFileType = file; path = ZStringToCoordinate2DTransformer.h; sourceTree = "<group>"; };
		ED81B80816D1404F00ED1F3F /* ZStringToCoordinate2DTransformer.m */ = {isa = PBXFileReference; fileEncoding = 4; lastKnownFileType = sourcecode.c.objc; path = ZStringToCoordinate2DTransformer.m; sourceTree = "<group>"; };
		ED81B85216D182EE00ED1F3F /* ZBC_delbtn.png */ = {isa = PBXFileReference; lastKnownFileType = file; path = ZBC_delbtn.png; sourceTree = "<group>"; };
/* End PBXFileReference section */

/* Begin PBXFrameworksBuildPhase section */
		ED12E7351582494C00DE3ED3 /* Frameworks */ = {
			isa = PBXFrameworksBuildPhase;
			buildActionMask = 2147483647;
			files = (
				ED81B80516D10D7300ED1F3F /* MapKit.framework in Frameworks */,
				ED81B80316D10D6800ED1F3F /* CoreLocation.framework in Frameworks */,
				ED12E76615824A3B00DE3ED3 /* CoreFoundation.framework in Frameworks */,
				ED12E76715824A3B00DE3ED3 /* CoreGraphics.framework in Frameworks */,
				ED12E76815824A3B00DE3ED3 /* UIKit.framework in Frameworks */,
				ED12E7A015829C0700DE3ED3 /* Foundation.framework in Frameworks */,
			);
			runOnlyForDeploymentPostprocessing = 0;
		};
/* End PBXFrameworksBuildPhase section */

/* Begin PBXGroup section */
		ED12E72B1582491000DE3ED3 = {
			isa = PBXGroup;
			children = (
				ED81B80416D10D7300ED1F3F /* MapKit.framework */,
				ED81B80216D10D6800ED1F3F /* CoreLocation.framework */,
				ED43CA3E16CFDAE600C28E48 /* README.markdown */,
				ED1F707315BD951B0046CFBC /* ZUtils */,
				ED12E76915824B8200DE3ED3 /* ZDetailKit */,
				ED12E7421582494C00DE3ED3 /* ZDetailKitDemo */,
				ED12E73B1582494C00DE3ED3 /* Frameworks */,
				ED12E7391582494C00DE3ED3 /* Products */,
			);
			sourceTree = "<group>";
		};
		ED12E7391582494C00DE3ED3 /* Products */ = {
			isa = PBXGroup;
			children = (
				ED12E7381582494C00DE3ED3 /* ZDetailKitDemo.app */,
			);
			name = Products;
			sourceTree = "<group>";
		};
		ED12E73B1582494C00DE3ED3 /* Frameworks */ = {
			isa = PBXGroup;
			children = (
				ED12E79F15829C0700DE3ED3 /* Foundation.framework */,
				ED12E76315824A3B00DE3ED3 /* CoreFoundation.framework */,
				ED12E76415824A3B00DE3ED3 /* CoreGraphics.framework */,
				ED12E76515824A3B00DE3ED3 /* UIKit.framework */,
			);
			name = Frameworks;
			sourceTree = "<group>";
		};
		ED12E7421582494C00DE3ED3 /* ZDetailKitDemo */ = {
			isa = PBXGroup;
			children = (
				ED12E751158249BB00DE3ED3 /* en.lproj */,
				ED12E756158249BB00DE3ED3 /* main.m */,
				ED12E757158249BB00DE3ED3 /* ZDetailKitDemo-Info.plist */,
				ED12E758158249BB00DE3ED3 /* ZDetailKitDemo-Prefix.pch */,
				ED12E759158249BB00DE3ED3 /* ZDVTAppDelegate.h */,
				ED12E75A158249BB00DE3ED3 /* ZDVTAppDelegate.m */,
				ED12E75B158249BB00DE3ED3 /* ZDVTViewController.h */,
				ED12E75C158249BB00DE3ED3 /* ZDVTViewController.m */,
			);
			path = ZDetailKitDemo;
			sourceTree = "<group>";
		};
		ED12E751158249BB00DE3ED3 /* en.lproj */ = {
			isa = PBXGroup;
			children = (
				ED12E752158249BB00DE3ED3 /* InfoPlist.strings */,
				ED12E754158249BB00DE3ED3 /* ZDVTViewController.xib */,
			);
			path = en.lproj;
			sourceTree = "<group>";
		};
		ED12E76915824B8200DE3ED3 /* ZDetailKit */ = {
			isa = PBXGroup;
			children = (
				ED81B80116D10C5C00ED1F3F /* ZDetailKit.h */,
				ED12E79215824D5400DE3ED3 /* ZTextExpanderSupport.h */,
				ED12E79315824D5400DE3ED3 /* ZTextExpanderSupport.m */,
				ED12E77415824B8200DE3ED3 /* ZDetailEditing.h */,
				ED12E77715824B8200DE3ED3 /* ZDetailValueConnector.h */,
				ED12E77815824B8200DE3ED3 /* ZDetailValueConnector.m */,
				ED12E77915824B8200DE3ED3 /* ZDetailViewBaseCell.h */,
				ED12E77A15824B8200DE3ED3 /* ZDetailViewBaseCell.m */,
				ED03B83516D037D800ADA844 /* ZDetailViewBaseController.h */,
				ED03B83616D037D800ADA844 /* ZDetailViewBaseController.m */,
				ED12E77515824B8200DE3ED3 /* ZDetailTableViewController.h */,
				ED12E77615824B8200DE3ED3 /* ZDetailTableViewController.m */,
				ED12E76A15824B8200DE3ED3 /* ZButtonCell.h */,
				ED12E76B15824B8200DE3ED3 /* ZButtonCell.m */,
				ED81B85316D182EE00ED1F3F /* ZButtonCell */,
				ED12E77D15824B8200DE3ED3 /* ZSwitchCell.h */,
				ED12E77E15824B8200DE3ED3 /* ZSwitchCell.m */,
				ED5D933615BEDC35008A98FF /* ZSliderCell.h */,
				ED5D933715BEDC35008A98FF /* ZSliderCell.m */,
				ED12E77F15824B8200DE3ED3 /* ZTextEditBaseCell.h */,
				ED12E78015824B8200DE3ED3 /* ZTextEditBaseCell.m */,
				ED12E79B15824DC700DE3ED3 /* ZTextFieldCell.h */,
				ED12E78115824B8200DE3ED3 /* ZTextFieldCell.m */,
				ED12E78215824B8200DE3ED3 /* ZTextViewCell.h */,
				ED12E78315824B8200DE3ED3 /* ZTextViewCell.m */,
				ED49A9991585F623007FEBF0 /* ZDateTimeCell.h */,
				ED49A99A1585F623007FEBF0 /* ZDateTimeCell.m */,
				ED12E77215824B8200DE3ED3 /* ZChoicesManager.h */,
				ED12E77315824B8200DE3ED3 /* ZChoicesManager.m */,
				ED12E77015824B8200DE3ED3 /* ZChoicesBaseCell.h */,
				ED12E77115824B8200DE3ED3 /* ZChoicesBaseCell.m */,
				ED12E77B15824B8200DE3ED3 /* ZSegmentChoicesCell.h */,
				ED12E77C15824B8200DE3ED3 /* ZSegmentChoicesCell.m */,
				ED12E76C15824B8200DE3ED3 /* ZChoiceListCell.h */,
				ED12E76D15824B8200DE3ED3 /* ZChoiceListCell.m */,
				ED12E76E15824B8200DE3ED3 /* ZChoiceListController.h */,
				ED12E76F15824B8200DE3ED3 /* ZChoiceListController.m */,
				ED1F706315BD52500046CFBC /* ZColorChooserCell.h */,
				ED1F706415BD52500046CFBC /* ZColorChooserCell.m */,
				ED1F705415BD50C10046CFBC /* ZColorChooser.h */,
				ED1F705515BD50C10046CFBC /* ZColorChooser.m */,
				ED1F705815BD51D30046CFBC /* ZColorChooser */,
				ED81B7FE16D0F69700ED1F3F /* ZLocationCell.h */,
				ED81B7FF16D0F69700ED1F3F /* ZLocationCell.m */,
				ED81B7E716D0F46F00ED1F3F /* ZMapLocationEdit.h */,
				ED81B7E816D0F46F00ED1F3F /* ZMapLocationEdit.m */,
				ED81B7E916D0F46F00ED1F3F /* ZMapLocationEdit.xib */,
				ED81B7ED16D0F48500ED1F3F /* ZMapLocationEdit */,
			);
			path = ZDetailKit;
			sourceTree = "<group>";
		};
		ED1F705815BD51D30046CFBC /* ZColorChooser */ = {
			isa = PBXGroup;
			children = (
				ED1F705915BD51D30046CFBC /* ZCCH_clrBtn.png */,
				ED1F705A15BD51D30046CFBC /* ZCCH_clrBtn@2x.png */,
				ED1F705B15BD51D30046CFBC /* ZCCH_hue.png */,
				ED1F705C15BD51D30046CFBC /* ZCCH_noColor.png */,
				ED1F705D15BD51D30046CFBC /* ZCCH_noColor@2x.png */,
			);
			path = ZColorChooser;
			sourceTree = "<group>";
		};
		ED1F707315BD951B0046CFBC /* ZUtils */ = {
			isa = PBXGroup;
			children = (
				ED1F707415BD951B0046CFBC /* UIColor+ZColorRepresentation.h */,
				ED1F707515BD951B0046CFBC /* UIColor+ZColorRepresentation.m */,
				ED1F708415BD9EA20046CFBC /* ZIntToUIColorTransformer.h */,
				ED1F708515BD9EA20046CFBC /* ZIntToUIColorTransformer.m */,
				ED1F707D15BD951B0046CFBC /* ZStringToUIColorTransformer.h */,
				ED1F707E15BD951B0046CFBC /* ZStringToUIColorTransformer.m */,
				ED81B80616D1403400ED1F3F /* ZStringToCoordinate2DTransformer.h */,
				ED81B80816D1404F00ED1F3F /* ZStringToCoordinate2DTransformer.m */,
				ED1F707615BD951B0046CFBC /* ZDate_utils.h */,
				ED1F707715BD951B0046CFBC /* ZDate_utils.m */,
				ED1F707815BD951B0046CFBC /* ZDBGMacros.h */,
				ED1F707915BD951B0046CFBC /* ZOrientation.h */,
				ED1F707A15BD951B0046CFBC /* ZOrientation.m */,
				ED1F707B15BD951B0046CFBC /* ZString_utils.h */,
				ED1F707C15BD951B0046CFBC /* ZString_utils.m */,
				ED1F708715BDA37F0046CFBC /* ZGeometry_utils.h */,
				ED1F708815BDA37F0046CFBC /* ZGeometry_utils.m */,
				ED1F708A15BDA4100046CFBC /* ZColor_utils.h */,
				ED1F708B15BDA4100046CFBC /* ZColor_utils.m */,
			);
			path = ZUtils;
			sourceTree = "<group>";
		};
		ED81B7ED16D0F48500ED1F3F /* ZMapLocationEdit */ = {
			isa = PBXGroup;
			children = (
				ED81B7EE16D0F48500ED1F3F /* ZMEcompassBtnOff.png */,
				ED81B7EF16D0F48500ED1F3F /* ZMEcompassBtnOff@2x.png */,
				ED81B7F016D0F48500ED1F3F /* ZMEcompassBtnOn.png */,
				ED81B7F116D0F48500ED1F3F /* ZMEcompassBtnOn@2x.png */,
				ED81B7F216D0F48500ED1F3F /* ZMEpinBtnOff.png */,
				ED81B7F316D0F48500ED1F3F /* ZMEpinBtnOff@2x.png */,
				ED81B7F416D0F48500ED1F3F /* ZMEpinBtnOn.png */,
				ED81B7F516D0F48500ED1F3F /* ZMEpinBtnOn@2x.png */,
			);
			path = ZMapLocationEdit;
			sourceTree = "<group>";
		};
		ED81B85316D182EE00ED1F3F /* ZButtonCell */ = {
			isa = PBXGroup;
			children = (
				ED81B85216D182EE00ED1F3F /* ZBC_delbtn.png */,
			);
			path = ZButtonCell;
			sourceTree = "<group>";
		};
/* End PBXGroup section */

/* Begin PBXLegacyTarget section */
		ED43CA3A16CE9FF200C28E48 /* ZDetailKit appledoc */ = {
			isa = PBXLegacyTarget;
			buildArgumentsString = "--exit-threshold 2 --logformat xcode --output /tmp/zdk-docs --project-name ZDetailKit --project-version 1.0 --project-company \"plan44.ch\" --company-id ch.plan44 --no-repeat-first-par --no-search-undocumented-doc ZDetailKit/";
			buildConfigurationList = ED43CA3D16CE9FF200C28E48 /* Build configuration list for PBXLegacyTarget "ZDetailKit appledoc" */;
			buildPhases = (
			);
			buildToolPath = /usr/local/bin/appledoc;
			buildWorkingDirectory = "";
			dependencies = (
			);
			name = "ZDetailKit appledoc";
			passBuildSettingsInEnvironment = 1;
			productName = ZDetailKit;
		};
/* End PBXLegacyTarget section */

/* Begin PBXNativeTarget section */
		ED12E7371582494C00DE3ED3 /* ZDetailKitDemo */ = {
			isa = PBXNativeTarget;
			buildConfigurationList = ED12E74E1582494C00DE3ED3 /* Build configuration list for PBXNativeTarget "ZDetailKitDemo" */;
			buildPhases = (
				ED12E7341582494C00DE3ED3 /* Sources */,
				ED12E7351582494C00DE3ED3 /* Frameworks */,
				ED12E7361582494C00DE3ED3 /* Resources */,
			);
			buildRules = (
			);
			dependencies = (
			);
			name = ZDetailKitDemo;
			productName = ZDetailKitDemo;
			productReference = ED12E7381582494C00DE3ED3 /* ZDetailKitDemo.app */;
			productType = "com.apple.product-type.application";
		};
/* End PBXNativeTarget section */

/* Begin PBXProject section */
		ED12E72D1582491000DE3ED3 /* Project object */ = {
			isa = PBXProject;
			attributes = {
				LastUpgradeCheck = 0430;
				ORGANIZATIONNAME = plan44.ch;
			};
			buildConfigurationList = ED12E7301582491000DE3ED3 /* Build configuration list for PBXProject "ZDetailKit" */;
			compatibilityVersion = "Xcode 3.2";
			developmentRegion = English;
			hasScannedForEncodings = 0;
			knownRegions = (
				en,
			);
			mainGroup = ED12E72B1582491000DE3ED3;
			productRefGroup = ED12E7391582494C00DE3ED3 /* Products */;
			projectDirPath = "";
			projectRoot = "";
			targets = (
				ED12E7371582494C00DE3ED3 /* ZDetailKitDemo */,
				ED43CA3A16CE9FF200C28E48 /* ZDetailKit appledoc */,
			);
		};
/* End PBXProject section */

/* Begin PBXResourcesBuildPhase section */
		ED12E7361582494C00DE3ED3 /* Resources */ = {
			isa = PBXResourcesBuildPhase;
			buildActionMask = 2147483647;
			files = (
				ED12E75D158249BB00DE3ED3 /* InfoPlist.strings in Resources */,
				ED12E75E158249BB00DE3ED3 /* ZDVTViewController.xib in Resources */,
				ED1F705E15BD51D30046CFBC /* ZCCH_clrBtn.png in Resources */,
				ED1F705F15BD51D30046CFBC /* ZCCH_clrBtn@2x.png in Resources */,
				ED1F706015BD51D30046CFBC /* ZCCH_hue.png in Resources */,
				ED1F706115BD51D30046CFBC /* ZCCH_noColor.png in Resources */,
				ED1F706215BD51D30046CFBC /* ZCCH_noColor@2x.png in Resources */,
				ED03B83716D037D800ADA844 /* ZDetailViewBaseController.h in Resources */,
				ED03B83816D037D800ADA844 /* ZDetailViewBaseController.m in Resources */,
				ED81B7EC16D0F46F00ED1F3F /* ZMapLocationEdit.xib in Resources */,
				ED81B7F616D0F48500ED1F3F /* ZMEcompassBtnOff.png in Resources */,
				ED81B7F716D0F48500ED1F3F /* ZMEcompassBtnOff@2x.png in Resources */,
				ED81B7F816D0F48500ED1F3F /* ZMEcompassBtnOn.png in Resources */,
				ED81B7F916D0F48500ED1F3F /* ZMEcompassBtnOn@2x.png in Resources */,
				ED81B7FA16D0F48500ED1F3F /* ZMEpinBtnOff.png in Resources */,
				ED81B7FB16D0F48500ED1F3F /* ZMEpinBtnOff@2x.png in Resources */,
				ED81B7FC16D0F48500ED1F3F /* ZMEpinBtnOn.png in Resources */,
				ED81B7FD16D0F48500ED1F3F /* ZMEpinBtnOn@2x.png in Resources */,
				ED81B80716D1403400ED1F3F /* ZStringToCoordinate2DTransformer.h in Resources */,
				ED81B85416D182EF00ED1F3F /* ZBC_delbtn.png in Resources */,
			);
			runOnlyForDeploymentPostprocessing = 0;
		};
/* End PBXResourcesBuildPhase section */

/* Begin PBXSourcesBuildPhase section */
		ED12E7341582494C00DE3ED3 /* Sources */ = {
			isa = PBXSourcesBuildPhase;
			buildActionMask = 2147483647;
			files = (
				EDA57D7216D040020044EB9C /* ZDetailViewBaseController.m in Sources */,
				ED12E75F158249BB00DE3ED3 /* main.m in Sources */,
				ED12E761158249BB00DE3ED3 /* ZDVTAppDelegate.m in Sources */,
				ED12E762158249BB00DE3ED3 /* ZDVTViewController.m in Sources */,
				ED12E78415824B8200DE3ED3 /* ZButtonCell.m in Sources */,
				ED12E78515824B8200DE3ED3 /* ZChoiceListCell.m in Sources */,
				ED12E78615824B8200DE3ED3 /* ZChoiceListController.m in Sources */,
				ED12E78715824B8200DE3ED3 /* ZChoicesBaseCell.m in Sources */,
				ED12E78815824B8200DE3ED3 /* ZChoicesManager.m in Sources */,
				ED12E78915824B8200DE3ED3 /* ZDetailTableViewController.m in Sources */,
				ED12E78A15824B8200DE3ED3 /* ZDetailValueConnector.m in Sources */,
				ED12E78B15824B8200DE3ED3 /* ZDetailViewBaseCell.m in Sources */,
				ED12E78C15824B8200DE3ED3 /* ZSegmentChoicesCell.m in Sources */,
				ED12E78D15824B8200DE3ED3 /* ZSwitchCell.m in Sources */,
				ED12E78E15824B8200DE3ED3 /* ZTextEditBaseCell.m in Sources */,
				ED12E78F15824B8200DE3ED3 /* ZTextFieldCell.m in Sources */,
				ED12E79015824B8200DE3ED3 /* ZTextViewCell.m in Sources */,
				ED12E79415824D5400DE3ED3 /* ZTextExpanderSupport.m in Sources */,
				ED49A99B1585F623007FEBF0 /* ZDateTimeCell.m in Sources */,
				ED1F705615BD50C10046CFBC /* ZColorChooser.m in Sources */,
				ED1F706515BD52500046CFBC /* ZColorChooserCell.m in Sources */,
				ED1F707F15BD951B0046CFBC /* UIColor+ZColorRepresentation.m in Sources */,
				ED1F708015BD951B0046CFBC /* ZDate_utils.m in Sources */,
				ED1F708115BD951B0046CFBC /* ZOrientation.m in Sources */,
				ED1F708215BD951B0046CFBC /* ZString_utils.m in Sources */,
				ED1F708315BD951B0046CFBC /* ZStringToUIColorTransformer.m in Sources */,
				ED1F708615BD9EA20046CFBC /* ZIntToUIColorTransformer.m in Sources */,
				ED1F708915BDA37F0046CFBC /* ZGeometry_utils.m in Sources */,
				ED1F708C15BDA4100046CFBC /* ZColor_utils.m in Sources */,
				ED5D933815BEDC35008A98FF /* ZSliderCell.m in Sources */,
				ED81B7EB16D0F46F00ED1F3F /* ZMapLocationEdit.m in Sources */,
				ED81B80016D0F69800ED1F3F /* ZLocationCell.m in Sources */,
				ED81B80916D1404F00ED1F3F /* ZStringToCoordinate2DTransformer.m in Sources */,
			);
			runOnlyForDeploymentPostprocessing = 0;
		};
/* End PBXSourcesBuildPhase section */

/* Begin PBXVariantGroup section */
		ED12E752158249BB00DE3ED3 /* InfoPlist.strings */ = {
			isa = PBXVariantGroup;
			children = (
				ED12E753158249BB00DE3ED3 /* en */,
			);
			name = InfoPlist.strings;
			sourceTree = "<group>";
		};
		ED12E754158249BB00DE3ED3 /* ZDVTViewController.xib */ = {
			isa = PBXVariantGroup;
			children = (
				ED12E755158249BB00DE3ED3 /* en */,
			);
			name = ZDVTViewController.xib;
			sourceTree = "<group>";
		};
/* End PBXVariantGroup section */

/* Begin XCBuildConfiguration section */
		ED12E7321582491000DE3ED3 /* Debug */ = {
			isa = XCBuildConfiguration;
			buildSettings = {
			};
			name = Debug;
		};
		ED12E7331582491000DE3ED3 /* Release */ = {
			isa = XCBuildConfiguration;
			buildSettings = {
			};
			name = Release;
		};
		ED12E74F1582494C00DE3ED3 /* Debug */ = {
			isa = XCBuildConfiguration;
			buildSettings = {
				ALWAYS_SEARCH_USER_PATHS = NO;
				ARCHS = "$(ARCHS_STANDARD_32_BIT)";
				CLANG_ENABLE_OBJC_ARC = YES;
				CODE_SIGN_IDENTITY = "iPhone Distribution: Lukas Zeller";
				COPY_PHASE_STRIP = NO;
				FRAMEWORK_SEARCH_PATHS = (
					"$(inherited)",
					"\"$(SYSTEM_APPS_DIR)/Xcode.app/Contents/Developer/Library/Frameworks\"",
				);
				GCC_C_LANGUAGE_STANDARD = gnu99;
				GCC_DYNAMIC_NO_PIC = NO;
				GCC_OPTIMIZATION_LEVEL = 0;
				GCC_PRECOMPILE_PREFIX_HEADER = YES;
				GCC_PREFIX_HEADER = "ZDetailKitDemo/ZDetailKitDemo-Prefix.pch";
				GCC_PREPROCESSOR_DEFINITIONS = (
					"DEBUG=1",
					"$(inherited)",
				);
				GCC_SYMBOLS_PRIVATE_EXTERN = NO;
				GCC_VERSION = com.apple.compilers.llvm.clang.1_0;
				GCC_WARN_ABOUT_RETURN_TYPE = YES;
				GCC_WARN_UNINITIALIZED_AUTOS = YES;
				GCC_WARN_UNUSED_VARIABLE = YES;
				INFOPLIST_FILE = "ZDetailKitDemo/ZDetailKitDemo-Info.plist";
				IPHONEOS_DEPLOYMENT_TARGET = 5.0;
				PRODUCT_NAME = "$(TARGET_NAME)";
				PROVISIONING_PROFILE = "C8EF8F9F-9C74-4FAE-969D-30659B6BEC1D";
				SDKROOT = iphoneos;
				TARGETED_DEVICE_FAMILY = "1,2";
				WRAPPER_EXTENSION = app;
			};
			name = Debug;
		};
		ED12E7501582494C00DE3ED3 /* Release */ = {
			isa = XCBuildConfiguration;
			buildSettings = {
				ALWAYS_SEARCH_USER_PATHS = NO;
				ARCHS = "$(ARCHS_STANDARD_32_BIT)";
				CLANG_ENABLE_OBJC_ARC = YES;
				CODE_SIGN_IDENTITY = "iPhone Distribution: Lukas Zeller";
				COPY_PHASE_STRIP = YES;
				FRAMEWORK_SEARCH_PATHS = (
					"$(inherited)",
					"\"$(SYSTEM_APPS_DIR)/Xcode.app/Contents/Developer/Library/Frameworks\"",
				);
				GCC_C_LANGUAGE_STANDARD = gnu99;
				GCC_PRECOMPILE_PREFIX_HEADER = YES;
				GCC_PREFIX_HEADER = "ZDetailKitDemo/ZDetailKitDemo-Prefix.pch";
				GCC_VERSION = com.apple.compilers.llvm.clang.1_0;
				GCC_WARN_ABOUT_RETURN_TYPE = YES;
				GCC_WARN_UNINITIALIZED_AUTOS = YES;
				GCC_WARN_UNUSED_VARIABLE = YES;
				INFOPLIST_FILE = "ZDetailKitDemo/ZDetailKitDemo-Info.plist";
				IPHONEOS_DEPLOYMENT_TARGET = 5.0;
				OTHER_CFLAGS = "-DNS_BLOCK_ASSERTIONS=1";
				PRODUCT_NAME = "$(TARGET_NAME)";
				PROVISIONING_PROFILE = "C8EF8F9F-9C74-4FAE-969D-30659B6BEC1D";
				SDKROOT = iphoneos;
				TARGETED_DEVICE_FAMILY = "1,2";
				VALIDATE_PRODUCT = YES;
				WRAPPER_EXTENSION = app;
			};
			name = Release;
		};
		ED43CA3B16CE9FF200C28E48 /* Debug */ = {
			isa = XCBuildConfiguration;
			buildSettings = {
				ALWAYS_SEARCH_USER_PATHS = NO;
				ARCHS = "$(ARCHS_STANDARD_64_BIT)";
				CLANG_CXX_LANGUAGE_STANDARD = "gnu++0x";
				CLANG_CXX_LIBRARY = "libc++";
				CLANG_WARN_CONSTANT_CONVERSION = YES;
				CLANG_WARN_EMPTY_BODY = YES;
				CLANG_WARN_ENUM_CONVERSION = YES;
				CLANG_WARN_INT_CONVERSION = YES;
				CLANG_WARN__DUPLICATE_METHOD_MATCH = YES;
				COPY_PHASE_STRIP = NO;
				DEBUGGING_SYMBOLS = YES;
				GCC_C_LANGUAGE_STANDARD = gnu99;
				GCC_DYNAMIC_NO_PIC = NO;
				GCC_ENABLE_OBJC_EXCEPTIONS = YES;
				GCC_GENERATE_DEBUGGING_SYMBOLS = YES;
				GCC_OPTIMIZATION_LEVEL = 0;
				GCC_PREPROCESSOR_DEFINITIONS = (
					"DEBUG=1",
					"$(inherited)",
				);
				GCC_SYMBOLS_PRIVATE_EXTERN = NO;
				GCC_WARN_64_TO_32_BIT_CONVERSION = YES;
				GCC_WARN_ABOUT_RETURN_TYPE = YES;
				GCC_WARN_UNINITIALIZED_AUTOS = YES;
				GCC_WARN_UNUSED_VARIABLE = YES;
				MACOSX_DEPLOYMENT_TARGET = 10.8;
				ONLY_ACTIVE_ARCH = YES;
				OTHER_CFLAGS = "";
				OTHER_LDFLAGS = "";
				PRODUCT_NAME = "$(TARGET_NAME)";
				SDKROOT = macosx;
			};
			name = Debug;
		};
		ED43CA3C16CE9FF200C28E48 /* Release */ = {
			isa = XCBuildConfiguration;
			buildSettings = {
				ALWAYS_SEARCH_USER_PATHS = NO;
				ARCHS = "$(ARCHS_STANDARD_64_BIT)";
				CLANG_CXX_LANGUAGE_STANDARD = "gnu++0x";
				CLANG_CXX_LIBRARY = "libc++";
				CLANG_WARN_CONSTANT_CONVERSION = YES;
				CLANG_WARN_EMPTY_BODY = YES;
				CLANG_WARN_ENUM_CONVERSION = YES;
				CLANG_WARN_INT_CONVERSION = YES;
				CLANG_WARN__DUPLICATE_METHOD_MATCH = YES;
				COPY_PHASE_STRIP = YES;
				DEBUG_INFORMATION_FORMAT = "dwarf-with-dsym";
				GCC_C_LANGUAGE_STANDARD = gnu99;
				GCC_ENABLE_OBJC_EXCEPTIONS = YES;
				GCC_WARN_64_TO_32_BIT_CONVERSION = YES;
				GCC_WARN_ABOUT_RETURN_TYPE = YES;
				GCC_WARN_UNINITIALIZED_AUTOS = YES;
				GCC_WARN_UNUSED_VARIABLE = YES;
				MACOSX_DEPLOYMENT_TARGET = 10.8;
				OTHER_CFLAGS = "";
				OTHER_LDFLAGS = "";
				PRODUCT_NAME = "$(TARGET_NAME)";
				SDKROOT = macosx;
			};
			name = Release;
		};
/* End XCBuildConfiguration section */

/* Begin XCConfigurationList section */
		ED12E7301582491000DE3ED3 /* Build configuration list for PBXProject "ZDetailKit" */ = {
			isa = XCConfigurationList;
			buildConfigurations = (
				ED12E7321582491000DE3ED3 /* Debug */,
				ED12E7331582491000DE3ED3 /* Release */,
			);
			defaultConfigurationIsVisible = 0;
			defaultConfigurationName = Release;
		};
		ED12E74E1582494C00DE3ED3 /* Build configuration list for PBXNativeTarget "ZDetailKitDemo" */ = {
			isa = XCConfigurationList;
			buildConfigurations = (
				ED12E74F1582494C00DE3ED3 /* Debug */,
				ED12E7501582494C00DE3ED3 /* Release */,
			);
			defaultConfigurationIsVisible = 0;
			defaultConfigurationName = Release;
		};
		ED43CA3D16CE9FF200C28E48 /* Build configuration list for PBXLegacyTarget "ZDetailKit appledoc" */ = {
			isa = XCConfigurationList;
			buildConfigurations = (
				ED43CA3B16CE9FF200C28E48 /* Debug */,
				ED43CA3C16CE9FF200C28E48 /* Release */,
			);
			defaultConfigurationIsVisible = 0;
			defaultConfigurationName = Release;
		};
/* End XCConfigurationList section */
	};
	rootObject = ED12E72D1582491000DE3ED3 /* Project object */;
}
